
Microsoft Visual Studio Solution File, Format Version 11.00
# Visual Studio 2010
Project("{FAE04EC0-301F-11D3-BF4B-00C04F79EFBC}") = "Assembly-CSharp", "Assembly-CSharp.csproj", "{1531B8CB-7106-B22A-00F7-BDBCA4A914A0}"
EndProject
Project("{FAE04EC0-301F-11D3-BF4B-00C04F79EFBC}") = "Assembly-CSharp-firstpass", "Assembly-CSharp-firstpass.csproj", "{64341619-36CE-1594-9B3E-F1D122B89C33}"
EndProject
Project("{FAE04EC0-301F-11D3-BF4B-00C04F79EFBC}") = "Assembly-CSharp-Editor", "Assembly-CSharp-Editor.csproj", "{4E17B407-6503-7284-749D-92F967D36A7D}"
EndProject
Global
	GlobalSection(SolutionConfigurationPlatforms) = preSolution
		Debug|Any CPU = Debug|Any CPU
		Release|Any CPU = Release|Any CPU
	EndGlobalSection
	GlobalSection(ProjectConfigurationPlatforms) = postSolution
		{1531B8CB-7106-B22A-00F7-BDBCA4A914A0}.Debug|Any CPU.ActiveCfg = Debug|Any CPU
		{1531B8CB-7106-B22A-00F7-BDBCA4A914A0}.Debug|Any CPU.Build.0 = Debug|Any CPU
		{1531B8CB-7106-B22A-00F7-BDBCA4A914A0}.Release|Any CPU.ActiveCfg = Release|Any CPU
		{1531B8CB-7106-B22A-00F7-BDBCA4A914A0}.Release|Any CPU.Build.0 = Release|Any CPU
		{64341619-36CE-1594-9B3E-F1D122B89C33}.Debug|Any CPU.ActiveCfg = Debug|Any CPU
		{64341619-36CE-1594-9B3E-F1D122B89C33}.Debug|Any CPU.Build.0 = Debug|Any CPU
		{64341619-36CE-1594-9B3E-F1D122B89C33}.Release|Any CPU.ActiveCfg = Release|Any CPU
		{64341619-36CE-1594-9B3E-F1D122B89C33}.Release|Any CPU.Build.0 = Release|Any CPU
		{4E17B407-6503-7284-749D-92F967D36A7D}.Debug|Any CPU.ActiveCfg = Debug|Any CPU
		{4E17B407-6503-7284-749D-92F967D36A7D}.Debug|Any CPU.Build.0 = Debug|Any CPU
		{4E17B407-6503-7284-749D-92F967D36A7D}.Release|Any CPU.ActiveCfg = Release|Any CPU
		{4E17B407-6503-7284-749D-92F967D36A7D}.Release|Any CPU.Build.0 = Release|Any CPU
	EndGlobalSection
	GlobalSection(SolutionProperties) = preSolution
		HideSolutionNode = FALSE
	EndGlobalSection
	GlobalSection(MonoDevelopProperties) = preSolution
		StartupItem = Assembly-CSharp.csproj
	EndGlobalSection
EndGlobal
